
Microsoft Visual Studio Solution File, Format Version 12.00
# Visual Studio Version 17
VisualStudioVersion = 17.3.32922.545
MinimumVisualStudioVersion = 10.0.40219.1
Project("{FAE04EC0-301F-11D3-BF4B-00C04F79EFBC}") = "WindowsFormsApp1 CSharp", "WindowsFormsApp1 CSharp\WindowsFormsApp1 CSharp.csproj", "{ADF6E565-E626-4419-BC99-684E8777D0E2}"
EndProject
Global
	GlobalSection(SolutionConfigurationPlatforms) = preSolution
		Debug|Any CPU = Debug|Any CPU
		Release|Any CPU = Release|Any CPU
	EndGlobalSection
	GlobalSection(ProjectConfigurationPlatforms) = postSolution
		{ADF6E565-E626-4419-BC99-684E8777D0E2}.Debug|Any CPU.ActiveCfg = Debug|Any CPU
		{ADF6E565-E626-4419-BC99-684E8777D0E2}.Debug|Any CPU.Build.0 = Debug|Any CPU
		{ADF6E565-E626-4419-BC99-684E8777D0E2}.Release|Any CPU.ActiveCfg = Release|Any CPU
		{ADF6E565-E626-4419-BC99-684E8777D0E2}.Release|Any CPU.Build.0 = Release|Any CPU
	EndGlobalSection
	GlobalSection(SolutionProperties) = preSolution
		HideSolutionNode = FALSE
	EndGlobalSection
	GlobalSection(ExtensibilityGlobals) = postSolution
		SolutionGuid = {6962F669-ECE1-4881-B5F5-053BFFD3D3C1}
	EndGlobalSection
EndGlobal
